// !$*UTF8*$!
{
	archiveVersion = 1;
	classes = {
	};
	objectVersion = 46;
	objects = {

/* Begin PBXBuildFile section */
		45BF66BF1A10FAFF00DBA3AF /* AppDelegate.m in Sources */ = {isa = PBXBuildFile; fileRef = 45BF66BE1A10FAFF00DBA3AF /* AppDelegate.m */; };
		45BF66C11A10FAFF00DBA3AF /* main.m in Sources */ = {isa = PBXBuildFile; fileRef = 45BF66C01A10FAFF00DBA3AF /* main.m */; };
		45BF66C41A10FAFF00DBA3AF /* GameScene.m in Sources */ = {isa = PBXBuildFile; fileRef = 45BF66C31A10FAFF00DBA3AF /* GameScene.m */; };
		45BF66C61A10FAFF00DBA3AF /* GameScene.sks in Resources */ = {isa = PBXBuildFile; fileRef = 45BF66C51A10FAFF00DBA3AF /* GameScene.sks */; };
		45BF66C81A10FAFF00DBA3AF /* Images.xcassets in Resources */ = {isa = PBXBuildFile; fileRef = 45BF66C71A10FAFF00DBA3AF /* Images.xcassets */; };
		45BF66CB1A10FAFF00DBA3AF /* MainMenu.xib in Resources */ = {isa = PBXBuildFile; fileRef = 45BF66C91A10FAFF00DBA3AF /* MainMenu.xib */; };
		45BF66D71A10FAFF00DBA3AF /* ZendTestingTests.m in Sources */ = {isa = PBXBuildFile; fileRef = 45BF66D61A10FAFF00DBA3AF /* ZendTestingTests.m */; };
/* End PBXBuildFile section */

/* Begin PBXContainerItemProxy section */
		45BF66D11A10FAFF00DBA3AF /* PBXContainerItemProxy */ = {
			isa = PBXContainerItemProxy;
			containerPortal = 45BF66B01A10FAFF00DBA3AF /* Project object */;
			proxyType = 1;
			remoteGlobalIDString = 45BF66B71A10FAFF00DBA3AF;
			remoteInfo = ZendTesting;
		};
/* End PBXContainerItemProxy section */

/* Begin PBXFileReference section */
		45BF66B81A10FAFF00DBA3AF /* ZendTesting.app */ = {isa = PBXFileReference; explicitFileType = wrapper.application; includeInIndex = 0; path = ZendTesting.app; sourceTree = BUILT_PRODUCTS_DIR; };
		45BF66BC1A10FAFF00DBA3AF /* Info.plist */ = {isa = PBXFileReference; lastKnownFileType = text.plist.xml; path = Info.plist; sourceTree = "<group>"; };
		45BF66BD1A10FAFF00DBA3AF /* AppDelegate.h */ = {isa = PBXFileReference; lastKnownFileType = sourcecode.c.h; path = AppDelegate.h; sourceTree = "<group>"; };
		45BF66BE1A10FAFF00DBA3AF /* AppDelegate.m */ = {isa = PBXFileReference; lastKnownFileType = sourcecode.c.objc; path = AppDelegate.m; sourceTree = "<group>"; };
		45BF66C01A10FAFF00DBA3AF /* main.m */ = {isa = PBXFileReference; lastKnownFileType = sourcecode.c.objc; path = main.m; sourceTree = "<group>"; };
		45BF66C21A10FAFF00DBA3AF /* GameScene.h */ = {isa = PBXFileReference; lastKnownFileType = sourcecode.c.h; path = GameScene.h; sourceTree = "<group>"; };
		45BF66C31A10FAFF00DBA3AF /* GameScene.m */ = {isa = PBXFileReference; lastKnownFileType = sourcecode.c.objc; path = GameScene.m; sourceTree = "<group>"; };
		45BF66C51A10FAFF00DBA3AF /* GameScene.sks */ = {isa = PBXFileReference; lastKnownFileType = file.sks; path = GameScene.sks; sourceTree = "<group>"; };
		45BF66C71A10FAFF00DBA3AF /* Images.xcassets */ = {isa = PBXFileReference; lastKnownFileType = folder.assetcatalog; path = Images.xcassets; sourceTree = "<group>"; };
		45BF66CA1A10FAFF00DBA3AF /* Base */ = {isa = PBXFileReference; lastKnownFileType = file.xib; name = Base; path = Base.lproj/MainMenu.xib; sourceTree = "<group>"; };
		45BF66D01A10FAFF00DBA3AF /* ZendTestingTests.xctest */ = {isa = PBXFileReference; explicitFileType = wrapper.cfbundle; includeInIndex = 0; path = ZendTestingTests.xctest; sourceTree = BUILT_PRODUCTS_DIR; };
		45BF66D51A10FAFF00DBA3AF /* Info.plist */ = {isa = PBXFileReference; lastKnownFileType = text.plist.xml; path = Info.plist; sourceTree = "<group>"; };
		45BF66D61A10FAFF00DBA3AF /* ZendTestingTests.m */ = {isa = PBXFileReference; lastKnownFileType = sourcecode.c.objc; path = ZendTestingTests.m; sourceTree = "<group>"; };
/* End PBXFileReference section */

/* Begin PBXFrameworksBuildPhase section */
		45BF66B51A10FAFF00DBA3AF /* Frameworks */ = {
			isa = PBXFrameworksBuildPhase;
			buildActionMask = 2147483647;
			files = (
			);
			runOnlyForDeploymentPostprocessing = 0;
		};
		45BF66CD1A10FAFF00DBA3AF /* Frameworks */ = {
			isa = PBXFrameworksBuildPhase;
			buildActionMask = 2147483647;
			files = (
			);
			runOnlyForDeploymentPostprocessing = 0;
		};
/* End PBXFrameworksBuildPhase section */

/* Begin PBXGroup section */
		45BF66AF1A10FAFF00DBA3AF = {
			isa = PBXGroup;
			children = (
				45BF66BA1A10FAFF00DBA3AF /* ZendTesting */,
				45BF66D31A10FAFF00DBA3AF /* ZendTestingTests */,
				45BF66B91A10FAFF00DBA3AF /* Products */,
			);
			sourceTree = "<group>";
		};
		45BF66B91A10FAFF00DBA3AF /* Products */ = {
			isa = PBXGroup;
			children = (
				45BF66B81A10FAFF00DBA3AF /* ZendTesting.app */,
				45BF66D01A10FAFF00DBA3AF /* ZendTestingTests.xctest */,
			);
			name = Products;
			sourceTree = "<group>";
		};
		45BF66BA1A10FAFF00DBA3AF /* ZendTesting */ = {
			isa = PBXGroup;
			children = (
				45BF66BD1A10FAFF00DBA3AF /* AppDelegate.h */,
				45BF66BE1A10FAFF00DBA3AF /* AppDelegate.m */,
				45BF66C21A10FAFF00DBA3AF /* GameScene.h */,
				45BF66C31A10FAFF00DBA3AF /* GameScene.m */,
				45BF66C51A10FAFF00DBA3AF /* GameScene.sks */,
				45BF66C71A10FAFF00DBA3AF /* Images.xcassets */,
				45BF66C91A10FAFF00DBA3AF /* MainMenu.xib */,
				45BF66BB1A10FAFF00DBA3AF /* Supporting Files */,
			);
			path = ZendTesting;
			sourceTree = "<group>";
		};
		45BF66BB1A10FAFF00DBA3AF /* Supporting Files */ = {
			isa = PBXGroup;
			children = (
				45BF66BC1A10FAFF00DBA3AF /* Info.plist */,
				45BF66C01A10FAFF00DBA3AF /* main.m */,
			);
			name = "Supporting Files";
			sourceTree = "<group>";
		};
		45BF66D31A10FAFF00DBA3AF /* ZendTestingTests */ = {
			isa = PBXGroup;
			children = (
				45BF66D61A10FAFF00DBA3AF /* ZendTestingTests.m */,
				45BF66D41A10FAFF00DBA3AF /* Supporting Files */,
			);
			path = ZendTestingTests;
			sourceTree = "<group>";
		};
		45BF66D41A10FAFF00DBA3AF /* Supporting Files */ = {
			isa = PBXGroup;
			children = (
				45BF66D51A10FAFF00DBA3AF /* Info.plist */,
			);
			name = "Supporting Files";
			sourceTree = "<group>";
		};
/* End PBXGroup section */

/* Begin PBXNativeTarget section */
		45BF66B71A10FAFF00DBA3AF /* ZendTesting */ = {
			isa = PBXNativeTarget;
			buildConfigurationList = 45BF66DA1A10FAFF00DBA3AF /* Build configuration list for PBXNativeTarget "ZendTesting" */;
			buildPhases = (
				45BF66B41A10FAFF00DBA3AF /* Sources */,
				45BF66B51A10FAFF00DBA3AF /* Frameworks */,
				45BF66B61A10FAFF00DBA3AF /* Resources */,
			);
			buildRules = (
			);
			dependencies = (
			);
			name = ZendTesting;
			productName = ZendTesting;
			productReference = 45BF66B81A10FAFF00DBA3AF /* ZendTesting.app */;
			productType = "com.apple.product-type.application";
		};
		45BF66CF1A10FAFF00DBA3AF /* ZendTestingTests */ = {
			isa = PBXNativeTarget;
			buildConfigurationList = 45BF66DD1A10FAFF00DBA3AF /* Build configuration list for PBXNativeTarget "ZendTestingTests" */;
			buildPhases = (
				45BF66CC1A10FAFF00DBA3AF /* Sources */,
				45BF66CD1A10FAFF00DBA3AF /* Frameworks */,
				45BF66CE1A10FAFF00DBA3AF /* Resources */,
			);
			buildRules = (
			);
			dependencies = (
				45BF66D21A10FAFF00DBA3AF /* PBXTargetDependency */,
			);
			name = ZendTestingTests;
			productName = ZendTestingTests;
			productReference = 45BF66D01A10FAFF00DBA3AF /* ZendTestingTests.xctest */;
			productType = "com.apple.product-type.bundle.unit-test";
		};
/* End PBXNativeTarget section */

/* Begin PBXProject section */
		45BF66B01A10FAFF00DBA3AF /* Project object */ = {
			isa = PBXProject;
			attributes = {
				LastUpgradeCheck = 0610;
				ORGANIZATIONNAME = HardCode;
				TargetAttributes = {
					45BF66B71A10FAFF00DBA3AF = {
						CreatedOnToolsVersion = 6.1;
					};
					45BF66CF1A10FAFF00DBA3AF = {
						CreatedOnToolsVersion = 6.1;
						TestTargetID = 45BF66B71A10FAFF00DBA3AF;
					};
				};
			};
			buildConfigurationList = 45BF66B31A10FAFF00DBA3AF /* Build configuration list for PBXProject "ZendTesting" */;
			compatibilityVersion = "Xcode 3.2";
			developmentRegion = English;
			hasScannedForEncodings = 0;
			knownRegions = (
				en,
				Base,
			);
			mainGroup = 45BF66AF1A10FAFF00DBA3AF;
			productRefGroup = 45BF66B91A10FAFF00DBA3AF /* Products */;
			projectDirPath = "";
			projectRoot = "";
			targets = (
				45BF66B71A10FAFF00DBA3AF /* ZendTesting */,
				45BF66CF1A10FAFF00DBA3AF /* ZendTestingTests */,
			);
		};
/* End PBXProject section */

/* Begin PBXResourcesBuildPhase section */
		45BF66B61A10FAFF00DBA3AF /* Resources */ = {
			isa = PBXResourcesBuildPhase;
			buildActionMask = 2147483647;
			files = (
				45BF66C61A10FAFF00DBA3AF /* GameScene.sks in Resources */,
				45BF66C81A10FAFF00DBA3AF /* Images.xcassets in Resources */,
				45BF66CB1A10FAFF00DBA3AF /* MainMenu.xib in Resources */,
			);
			runOnlyForDeploymentPostprocessing = 0;
		};
		45BF66CE1A10FAFF00DBA3AF /* Resources */ = {
			isa = PBXResourcesBuildPhase;
			buildActionMask = 2147483647;
			files = (
			);
			runOnlyForDeploymentPostprocessing = 0;
		};
/* End PBXResourcesBuildPhase section */

/* Begin PBXSourcesBuildPhase section */
		45BF66B41A10FAFF00DBA3AF /* Sources */ = {
			isa = PBXSourcesBuildPhase;
			buildActionMask = 2147483647;
			files = (
				45BF66C11A10FAFF00DBA3AF /* main.m in Sources */,
				45BF66C41A10FAFF00DBA3AF /* GameScene.m in Sources */,
				45BF66BF1A10FAFF00DBA3AF /* AppDelegate.m in Sources */,
			);
			runOnlyForDeploymentPostprocessing = 0;
		};
		45BF66CC1A10FAFF00DBA3AF /* Sources */ = {
			isa = PBXSourcesBuildPhase;
			buildActionMask = 2147483647;
			files = (
				45BF66D71A10FAFF00DBA3AF /* ZendTestingTests.m in Sources */,
			);
			runOnlyForDeploymentPostprocessing = 0;
		};
/* End PBXSourcesBuildPhase section */

/* Begin PBXTargetDependency section */
		45BF66D21A10FAFF00DBA3AF /* PBXTargetDependency */ = {
			isa = PBXTargetDependency;
			target = 45BF66B71A10FAFF00DBA3AF /* ZendTesting */;
			targetProxy = 45BF66D11A10FAFF00DBA3AF /* PBXContainerItemProxy */;
		};
/* End PBXTargetDependency section */

/* Begin PBXVariantGroup section */
		45BF66C91A10FAFF00DBA3AF /* MainMenu.xib */ = {
			isa = PBXVariantGroup;
			children = (
				45BF66CA1A10FAFF00DBA3AF /* Base */,
			);
			name = MainMenu.xib;
			sourceTree = "<group>";
		};
/* End PBXVariantGroup section */

/* Begin XCBuildConfiguration section */
		45BF66D81A10FAFF00DBA3AF /* Debug */ = {
			isa = XCBuildConfiguration;
			buildSettings = {
				ALWAYS_SEARCH_USER_PATHS = NO;
				CLANG_CXX_LANGUAGE_STANDARD = "gnu++0x";
				CLANG_CXX_LIBRARY = "libc++";
				CLANG_ENABLE_MODULES = YES;
				CLANG_ENABLE_OBJC_ARC = YES;
				CLANG_WARN_BOOL_CONVERSION = YES;
				CLANG_WARN_CONSTANT_CONVERSION = YES;
				CLANG_WARN_DIRECT_OBJC_ISA_USAGE = YES_ERROR;
				CLANG_WARN_EMPTY_BODY = YES;
				CLANG_WARN_ENUM_CONVERSION = YES;
				CLANG_WARN_INT_CONVERSION = YES;
				CLANG_WARN_OBJC_ROOT_CLASS = YES_ERROR;
				CLANG_WARN_UNREACHABLE_CODE = YES;
				CLANG_WARN__DUPLICATE_METHOD_MATCH = YES;
				CODE_SIGN_IDENTITY = "-";
				COPY_PHASE_STRIP = NO;
				ENABLE_STRICT_OBJC_MSGSEND = YES;
				GCC_C_LANGUAGE_STANDARD = gnu99;
				GCC_DYNAMIC_NO_PIC = NO;
				GCC_OPTIMIZATION_LEVEL = 0;
				GCC_PREPROCESSOR_DEFINITIONS = (
					"DEBUG=1",
					"$(inherited)",
				);
				GCC_SYMBOLS_PRIVATE_EXTERN = NO;
				GCC_WARN_64_TO_32_BIT_CONVERSION = YES;
				GCC_WARN_ABOUT_RETURN_TYPE = YES_ERROR;
				GCC_WARN_UNDECLARED_SELECTOR = YES;
				GCC_WARN_UNINITIALIZED_AUTOS = YES_AGGRESSIVE;
				GCC_WARN_UNUSED_FUNCTION = YES;
				GCC_WARN_UNUSED_VARIABLE = YES;
				MACOSX_DEPLOYMENT_TARGET = 10.9;
				MTL_ENABLE_DEBUG_INFO = YES;
				ONLY_ACTIVE_ARCH = YES;
				SDKROOT = macosx;
			};
			name = Debug;
		};
		45BF66D91A10FAFF00DBA3AF /* Release */ = {
			isa = XCBuildConfiguration;
			buildSettings = {
				ALWAYS_SEARCH_USER_PATHS = NO;
				CLANG_CXX_LANGUAGE_STANDARD = "gnu++0x";
				CLANG_CXX_LIBRARY = "libc++";
				CLANG_ENABLE_MODULES = YES;
				CLANG_ENABLE_OBJC_ARC = YES;
				CLANG_WARN_BOOL_CONVERSION = YES;
				CLANG_WARN_CONSTANT_CONVERSION = YES;
				CLANG_WARN_DIRECT_OBJC_ISA_USAGE = YES_ERROR;
				CLANG_WARN_EMPTY_BODY = YES;
				CLANG_WARN_ENUM_CONVERSION = YES;
				CLANG_WARN_INT_CONVERSION = YES;
				CLANG_WARN_OBJC_ROOT_CLASS = YES_ERROR;
				CLANG_WARN_UNREACHABLE_CODE = YES;
				CLANG_WARN__DUPLICATE_METHOD_MATCH = YES;
				CODE_SIGN_IDENTITY = "-";
				COPY_PHASE_STRIP = YES;
				DEBUG_INFORMATION_FORMAT = "dwarf-with-dsym";
				ENABLE_NS_ASSERTIONS = NO;
				ENABLE_STRICT_OBJC_MSGSEND = YES;
				GCC_C_LANGUAGE_STANDARD = gnu99;
				GCC_WARN_64_TO_32_BIT_CONVERSION = YES;
				GCC_WARN_ABOUT_RETURN_TYPE = YES_ERROR;
				GCC_WARN_UNDECLARED_SELECTOR = YES;
				GCC_WARN_UNINITIALIZED_AUTOS = YES_AGGRESSIVE;
				GCC_WARN_UNUSED_FUNCTION = YES;
				GCC_WARN_UNUSED_VARIABLE = YES;
				MACOSX_DEPLOYMENT_TARGET = 10.9;
				MTL_ENABLE_DEBUG_INFO = NO;
				SDKROOT = macosx;
			};
			name = Release;
		};
		45BF66DB1A10FAFF00DBA3AF /* Debug */ = {
			isa = XCBuildConfiguration;
			buildSettings = {
				ASSETCATALOG_COMPILER_APPICON_NAME = AppIcon;
				COMBINE_HIDPI_IMAGES = YES;
				INFOPLIST_FILE = ZendTesting/Info.plist;
				LD_RUNPATH_SEARCH_PATHS = "$(inherited) @executable_path/../Frameworks";
				PRODUCT_NAME = "$(TARGET_NAME)";
			};
			name = Debug;
		};
		45BF66DC1A10FAFF00DBA3AF /* Release */ = {
			isa = XCBuildConfiguration;
			buildSettings = {
				ASSETCATALOG_COMPILER_APPICON_NAME = AppIcon;
				COMBINE_HIDPI_IMAGES = YES;
				INFOPLIST_FILE = ZendTesting/Info.plist;
				LD_RUNPATH_SEARCH_PATHS = "$(inherited) @executable_path/../Frameworks";
				PRODUCT_NAME = "$(TARGET_NAME)";
			};
			name = Release;
		};
		45BF66DE1A10FAFF00DBA3AF /* Debug */ = {
			isa = XCBuildConfiguration;
			buildSettings = {
				BUNDLE_LOADER = "$(TEST_HOST)";
				COMBINE_HIDPI_IMAGES = YES;
				FRAMEWORK_SEARCH_PATHS = (
					"$(DEVELOPER_FRAMEWORKS_DIR)",
					"$(inherited)",
				);
				GCC_PREPROCESSOR_DEFINITIONS = (
					"DEBUG=1",
					"$(inherited)",
				);
				INFOPLIST_FILE = ZendTestingTests/Info.plist;
				LD_RUNPATH_SEARCH_PATHS = "$(inherited) @executable_path/../Frameworks @loader_path/../Frameworks";
				PRODUCT_NAME = "$(TARGET_NAME)";
				TEST_HOST = "$(BUILT_PRODUCTS_DIR)/ZendTesting.app/Contents/MacOS/ZendTesting";
			};
			name = Debug;
		};
		45BF66DF1A10FAFF00DBA3AF /* Release */ = {
			isa = XCBuildConfiguration;
			buildSettings = {
				BUNDLE_LOADER = "$(TEST_HOST)";
				COMBINE_HIDPI_IMAGES = YES;
				FRAMEWORK_SEARCH_PATHS = (
					"$(DEVELOPER_FRAMEWORKS_DIR)",
					"$(inherited)",
				);
				INFOPLIST_FILE = ZendTestingTests/Info.plist;
				LD_RUNPATH_SEARCH_PATHS = "$(inherited) @executable_path/../Frameworks @loader_path/../Frameworks";
				PRODUCT_NAME = "$(TARGET_NAME)";
				TEST_HOST = "$(BUILT_PRODUCTS_DIR)/ZendTesting.app/Contents/MacOS/ZendTesting";
			};
			name = Release;
		};
/* End XCBuildConfiguration section */

/* Begin XCConfigurationList section */
		45BF66B31A10FAFF00DBA3AF /* Build configuration list for PBXProject "ZendTesting" */ = {
			isa = XCConfigurationList;
			buildConfigurations = (
				45BF66D81A10FAFF00DBA3AF /* Debug */,
				45BF66D91A10FAFF00DBA3AF /* Release */,
			);
			defaultConfigurationIsVisible = 0;
			defaultConfigurationName = Release;
		};
		45BF66DA1A10FAFF00DBA3AF /* Build configuration list for PBXNativeTarget "ZendTesting" */ = {
			isa = XCConfigurationList;
			buildConfigurations = (
				45BF66DB1A10FAFF00DBA3AF /* Debug */,
				45BF66DC1A10FAFF00DBA3AF /* Release */,
			);
			defaultConfigurationIsVisible = 0;
		};
		45BF66DD1A10FAFF00DBA3AF /* Build configuration list for PBXNativeTarget "ZendTestingTests" */ = {
			isa = XCConfigurationList;
			buildConfigurations = (
				45BF66DE1A10FAFF00DBA3AF /* Debug */,
				45BF66DF1A10FAFF00DBA3AF /* Release */,
			);
			defaultConfigurationIsVisible = 0;
		};
/* End XCConfigurationList section */
	};
	rootObject = 45BF66B01A10FAFF00DBA3AF /* Project object */;
}
