// !$*UTF8*$!
{
	archiveVersion = 1;
	classes = {
	};
	objectVersion = 46;
	objects = {

/* Begin PBXBuildFile section */
		3A1C7D5B1A1919860036F9C7 /* AppDelegate.m in Sources */ = {isa = PBXBuildFile; fileRef = 3A1C7D5A1A1919860036F9C7 /* AppDelegate.m */; };
		3A1C7D5D1A1919860036F9C7 /* main.m in Sources */ = {isa = PBXBuildFile; fileRef = 3A1C7D5C1A1919860036F9C7 /* main.m */; };
		3A1C7D601A1919860036F9C7 /* GameScene.m in Sources */ = {isa = PBXBuildFile; fileRef = 3A1C7D5F1A1919860036F9C7 /* GameScene.m */; };
		3A1C7D621A1919860036F9C7 /* GameScene.sks in Resources */ = {isa = PBXBuildFile; fileRef = 3A1C7D611A1919860036F9C7 /* GameScene.sks */; };
		3A1C7D641A1919860036F9C7 /* Images.xcassets in Resources */ = {isa = PBXBuildFile; fileRef = 3A1C7D631A1919860036F9C7 /* Images.xcassets */; };
		3A1C7D671A1919860036F9C7 /* MainMenu.xib in Resources */ = {isa = PBXBuildFile; fileRef = 3A1C7D651A1919860036F9C7 /* MainMenu.xib */; };
		3A1C7D731A1919860036F9C7 /* ZendTests.m in Sources */ = {isa = PBXBuildFile; fileRef = 3A1C7D721A1919860036F9C7 /* ZendTests.m */; };
		3A74620E1A28688A00235972 /* Levels in Resources */ = {isa = PBXBuildFile; fileRef = 3A74620D1A28688A00235972 /* Levels */; };
		45B66A211A2E4E150078C5F5 /* Character.m in Sources */ = {isa = PBXBuildFile; fileRef = 45B66A161A2E4E150078C5F5 /* Character.m */; };
		45B66A221A2E4E150078C5F5 /* CharacterFactory.m in Sources */ = {isa = PBXBuildFile; fileRef = 45B66A181A2E4E150078C5F5 /* CharacterFactory.m */; };
		45B66A231A2E4E150078C5F5 /* FatZombie.m in Sources */ = {isa = PBXBuildFile; fileRef = 45B66A1A1A2E4E150078C5F5 /* FatZombie.m */; };
		45B66A241A2E4E150078C5F5 /* Human.m in Sources */ = {isa = PBXBuildFile; fileRef = 45B66A1C1A2E4E150078C5F5 /* Human.m */; };
		45B66A251A2E4E150078C5F5 /* SkinnyZombie.m in Sources */ = {isa = PBXBuildFile; fileRef = 45B66A1E1A2E4E150078C5F5 /* SkinnyZombie.m */; };
		45B66A261A2E4E150078C5F5 /* Zombie.m in Sources */ = {isa = PBXBuildFile; fileRef = 45B66A201A2E4E150078C5F5 /* Zombie.m */; };
		45B66A2C1A2E4E250078C5F5 /* Level.m in Sources */ = {isa = PBXBuildFile; fileRef = 45B66A291A2E4E250078C5F5 /* Level.m */; };
		45B66A2D1A2E4E250078C5F5 /* Stage.m in Sources */ = {isa = PBXBuildFile; fileRef = 45B66A2B1A2E4E250078C5F5 /* Stage.m */; };
		45B66A311A2E4E380078C5F5 /* PlayerControl.m in Sources */ = {isa = PBXBuildFile; fileRef = 45B66A301A2E4E380078C5F5 /* PlayerControl.m */; };
		45B66A3D1A2E4E3F0078C5F5 /* Bullet.m in Sources */ = {isa = PBXBuildFile; fileRef = 45B66A341A2E4E3F0078C5F5 /* Bullet.m */; };
		45B66A3E1A2E4E3F0078C5F5 /* MeleeWeapon.m in Sources */ = {isa = PBXBuildFile; fileRef = 45B66A361A2E4E3F0078C5F5 /* MeleeWeapon.m */; };
		45B66A3F1A2E4E3F0078C5F5 /* RangeWeapon.m in Sources */ = {isa = PBXBuildFile; fileRef = 45B66A381A2E4E3F0078C5F5 /* RangeWeapon.m */; };
		45B66A401A2E4E3F0078C5F5 /* Weapon.m in Sources */ = {isa = PBXBuildFile; fileRef = 45B66A3A1A2E4E3F0078C5F5 /* Weapon.m */; };
		45B66A411A2E4E3F0078C5F5 /* WeaponUnit.m in Sources */ = {isa = PBXBuildFile; fileRef = 45B66A3C1A2E4E3F0078C5F5 /* WeaponUnit.m */; };
		45B66A4D1A2E4E440078C5F5 /* DeathLine.m in Sources */ = {isa = PBXBuildFile; fileRef = 45B66A441A2E4E440078C5F5 /* DeathLine.m */; };
		45B66A4E1A2E4E440078C5F5 /* DynamicPlatform.m in Sources */ = {isa = PBXBuildFile; fileRef = 45B66A461A2E4E440078C5F5 /* DynamicPlatform.m */; };
		45B66A4F1A2E4E440078C5F5 /* GroundLine.m in Sources */ = {isa = PBXBuildFile; fileRef = 45B66A481A2E4E440078C5F5 /* GroundLine.m */; };
		45B66A501A2E4E440078C5F5 /* Platform.m in Sources */ = {isa = PBXBuildFile; fileRef = 45B66A4A1A2E4E440078C5F5 /* Platform.m */; };
		45B66A511A2E4E440078C5F5 /* PlatformFactory.m in Sources */ = {isa = PBXBuildFile; fileRef = 45B66A4C1A2E4E440078C5F5 /* PlatformFactory.m */; };
		45B66A6D1A2E4F000078C5F5 /* Dude.atlas in Resources */ = {isa = PBXBuildFile; fileRef = 45B66A541A2E4F000078C5F5 /* Dude.atlas */; };
		45B66A6E1A2E4F000078C5F5 /* GrandmaBeginWalk.atlas in Resources */ = {isa = PBXBuildFile; fileRef = 45B66A551A2E4F000078C5F5 /* GrandmaBeginWalk.atlas */; };
		45B66A6F1A2E4F000078C5F5 /* GrandmaWalk.atlas in Resources */ = {isa = PBXBuildFile; fileRef = 45B66A561A2E4F000078C5F5 /* GrandmaWalk.atlas */; };
		45B66A701A2E4F000078C5F5 /* WorkerBeginWalk.atlas in Resources */ = {isa = PBXBuildFile; fileRef = 45B66A571A2E4F000078C5F5 /* WorkerBeginWalk.atlas */; };
		45B66A711A2E4F000078C5F5 /* WorkerHandsUP.atlas in Resources */ = {isa = PBXBuildFile; fileRef = 45B66A581A2E4F000078C5F5 /* WorkerHandsUP.atlas */; };
		45B66A721A2E4F000078C5F5 /* WorkerWalk.atlas in Resources */ = {isa = PBXBuildFile; fileRef = 45B66A591A2E4F000078C5F5 /* WorkerWalk.atlas */; };
		45B66A731A2E4F000078C5F5 /* CyanBackground.png in Resources */ = {isa = PBXBuildFile; fileRef = 45B66A5B1A2E4F000078C5F5 /* CyanBackground.png */; };
		45B66A741A2E4F000078C5F5 /* DesertBackground.png in Resources */ = {isa = PBXBuildFile; fileRef = 45B66A5C1A2E4F000078C5F5 /* DesertBackground.png */; };
		45B66A751A2E4F000078C5F5 /* PauseScreen.png in Resources */ = {isa = PBXBuildFile; fileRef = 45B66A5E1A2E4F000078C5F5 /* PauseScreen.png */; };
		45B66A761A2E4F000078C5F5 /* StartScreen.png in Resources */ = {isa = PBXBuildFile; fileRef = 45B66A5F1A2E4F000078C5F5 /* StartScreen.png */; };
		45B66A771A2E4F000078C5F5 /* WelcomeScreen.png in Resources */ = {isa = PBXBuildFile; fileRef = 45B66A601A2E4F000078C5F5 /* WelcomeScreen.png */; };
		45B66A781A2E4F000078C5F5 /* BoyCharacter.png in Resources */ = {isa = PBXBuildFile; fileRef = 45B66A621A2E4F000078C5F5 /* BoyCharacter.png */; };
		45B66A791A2E4F000078C5F5 /* Bullet.png in Resources */ = {isa = PBXBuildFile; fileRef = 45B66A631A2E4F000078C5F5 /* Bullet.png */; };
		45B66A7A1A2E4F000078C5F5 /* Cat.png in Resources */ = {isa = PBXBuildFile; fileRef = 45B66A641A2E4F000078C5F5 /* Cat.png */; };
		45B66A7B1A2E4F000078C5F5 /* Dude.png in Resources */ = {isa = PBXBuildFile; fileRef = 45B66A651A2E4F000078C5F5 /* Dude.png */; };
		45B66A7C1A2E4F000078C5F5 /* FatZombie.png in Resources */ = {isa = PBXBuildFile; fileRef = 45B66A661A2E4F000078C5F5 /* FatZombie.png */; };
		45B66A7D1A2E4F000078C5F5 /* Grandma.png in Resources */ = {isa = PBXBuildFile; fileRef = 45B66A671A2E4F000078C5F5 /* Grandma.png */; };
		45B66A7E1A2E4F000078C5F5 /* GreenPlayer.png in Resources */ = {isa = PBXBuildFile; fileRef = 45B66A681A2E4F000078C5F5 /* GreenPlayer.png */; };
		45B66A7F1A2E4F000078C5F5 /* Ground.png in Resources */ = {isa = PBXBuildFile; fileRef = 45B66A691A2E4F000078C5F5 /* Ground.png */; };
		45B66A801A2E4F000078C5F5 /* HealthBar.png in Resources */ = {isa = PBXBuildFile; fileRef = 45B66A6A1A2E4F000078C5F5 /* HealthBar.png */; };
		45B66A811A2E4F000078C5F5 /* SkinnyZombie.png in Resources */ = {isa = PBXBuildFile; fileRef = 45B66A6B1A2E4F000078C5F5 /* SkinnyZombie.png */; };
		45B66A821A2E4F000078C5F5 /* Worker.png in Resources */ = {isa = PBXBuildFile; fileRef = 45B66A6C1A2E4F000078C5F5 /* Worker.png */; };
/* End PBXBuildFile section */

/* Begin PBXContainerItemProxy section */
		3A1C7D6D1A1919860036F9C7 /* PBXContainerItemProxy */ = {
			isa = PBXContainerItemProxy;
			containerPortal = 3A1C7D4C1A1919860036F9C7 /* Project object */;
			proxyType = 1;
			remoteGlobalIDString = 3A1C7D531A1919860036F9C7;
			remoteInfo = Zend;
		};
/* End PBXContainerItemProxy section */

/* Begin PBXFileReference section */
		3A1C7D541A1919860036F9C7 /* Zend.app */ = {isa = PBXFileReference; explicitFileType = wrapper.application; includeInIndex = 0; path = Zend.app; sourceTree = BUILT_PRODUCTS_DIR; };
		3A1C7D581A1919860036F9C7 /* Info.plist */ = {isa = PBXFileReference; lastKnownFileType = text.plist.xml; path = Info.plist; sourceTree = "<group>"; };
		3A1C7D591A1919860036F9C7 /* AppDelegate.h */ = {isa = PBXFileReference; lastKnownFileType = sourcecode.c.h; path = AppDelegate.h; sourceTree = "<group>"; };
		3A1C7D5A1A1919860036F9C7 /* AppDelegate.m */ = {isa = PBXFileReference; lastKnownFileType = sourcecode.c.objc; path = AppDelegate.m; sourceTree = "<group>"; };
		3A1C7D5C1A1919860036F9C7 /* main.m */ = {isa = PBXFileReference; lastKnownFileType = sourcecode.c.objc; path = main.m; sourceTree = "<group>"; };
		3A1C7D5E1A1919860036F9C7 /* GameScene.h */ = {isa = PBXFileReference; lastKnownFileType = sourcecode.c.h; path = GameScene.h; sourceTree = "<group>"; };
		3A1C7D5F1A1919860036F9C7 /* GameScene.m */ = {isa = PBXFileReference; lastKnownFileType = sourcecode.c.objc; path = GameScene.m; sourceTree = "<group>"; };
		3A1C7D611A1919860036F9C7 /* GameScene.sks */ = {isa = PBXFileReference; lastKnownFileType = file.sks; path = GameScene.sks; sourceTree = "<group>"; };
		3A1C7D631A1919860036F9C7 /* Images.xcassets */ = {isa = PBXFileReference; lastKnownFileType = folder.assetcatalog; path = Images.xcassets; sourceTree = "<group>"; };
		3A1C7D661A1919860036F9C7 /* Base */ = {isa = PBXFileReference; lastKnownFileType = file.xib; name = Base; path = Base.lproj/MainMenu.xib; sourceTree = "<group>"; };
		3A1C7D6C1A1919860036F9C7 /* ZendTests.xctest */ = {isa = PBXFileReference; explicitFileType = wrapper.cfbundle; includeInIndex = 0; path = ZendTests.xctest; sourceTree = BUILT_PRODUCTS_DIR; };
		3A1C7D711A1919860036F9C7 /* Info.plist */ = {isa = PBXFileReference; lastKnownFileType = text.plist.xml; path = Info.plist; sourceTree = "<group>"; };
		3A1C7D721A1919860036F9C7 /* ZendTests.m */ = {isa = PBXFileReference; lastKnownFileType = sourcecode.c.objc; path = ZendTests.m; sourceTree = "<group>"; };
		3A74620D1A28688A00235972 /* Levels */ = {isa = PBXFileReference; lastKnownFileType = folder; name = Levels; path = Zend/Levels; sourceTree = "<group>"; };
		3A91B9771A1FA20000654946 /* Enums.h */ = {isa = PBXFileReference; lastKnownFileType = sourcecode.c.h; path = Enums.h; sourceTree = "<group>"; };
		45B66A151A2E4E150078C5F5 /* Character.h */ = {isa = PBXFileReference; fileEncoding = 4; lastKnownFileType = sourcecode.c.h; path = Character.h; sourceTree = "<group>"; };
		45B66A161A2E4E150078C5F5 /* Character.m */ = {isa = PBXFileReference; fileEncoding = 4; lastKnownFileType = sourcecode.c.objc; path = Character.m; sourceTree = "<group>"; };
		45B66A171A2E4E150078C5F5 /* CharacterFactory.h */ = {isa = PBXFileReference; fileEncoding = 4; lastKnownFileType = sourcecode.c.h; path = CharacterFactory.h; sourceTree = "<group>"; };
		45B66A181A2E4E150078C5F5 /* CharacterFactory.m */ = {isa = PBXFileReference; fileEncoding = 4; lastKnownFileType = sourcecode.c.objc; path = CharacterFactory.m; sourceTree = "<group>"; };
		45B66A191A2E4E150078C5F5 /* FatZombie.h */ = {isa = PBXFileReference; fileEncoding = 4; lastKnownFileType = sourcecode.c.h; path = FatZombie.h; sourceTree = "<group>"; };
		45B66A1A1A2E4E150078C5F5 /* FatZombie.m */ = {isa = PBXFileReference; fileEncoding = 4; lastKnownFileType = sourcecode.c.objc; path = FatZombie.m; sourceTree = "<group>"; };
		45B66A1B1A2E4E150078C5F5 /* Human.h */ = {isa = PBXFileReference; fileEncoding = 4; lastKnownFileType = sourcecode.c.h; path = Human.h; sourceTree = "<group>"; };
		45B66A1C1A2E4E150078C5F5 /* Human.m */ = {isa = PBXFileReference; fileEncoding = 4; lastKnownFileType = sourcecode.c.objc; path = Human.m; sourceTree = "<group>"; };
		45B66A1D1A2E4E150078C5F5 /* SkinnyZombie.h */ = {isa = PBXFileReference; fileEncoding = 4; lastKnownFileType = sourcecode.c.h; path = SkinnyZombie.h; sourceTree = "<group>"; };
		45B66A1E1A2E4E150078C5F5 /* SkinnyZombie.m */ = {isa = PBXFileReference; fileEncoding = 4; lastKnownFileType = sourcecode.c.objc; path = SkinnyZombie.m; sourceTree = "<group>"; };
		45B66A1F1A2E4E150078C5F5 /* Zombie.h */ = {isa = PBXFileReference; fileEncoding = 4; lastKnownFileType = sourcecode.c.h; path = Zombie.h; sourceTree = "<group>"; };
		45B66A201A2E4E150078C5F5 /* Zombie.m */ = {isa = PBXFileReference; fileEncoding = 4; lastKnownFileType = sourcecode.c.objc; path = Zombie.m; sourceTree = "<group>"; };
		45B66A281A2E4E250078C5F5 /* Level.h */ = {isa = PBXFileReference; fileEncoding = 4; lastKnownFileType = sourcecode.c.h; path = Level.h; sourceTree = "<group>"; };
		45B66A291A2E4E250078C5F5 /* Level.m */ = {isa = PBXFileReference; fileEncoding = 4; lastKnownFileType = sourcecode.c.objc; path = Level.m; sourceTree = "<group>"; };
		45B66A2A1A2E4E250078C5F5 /* Stage.h */ = {isa = PBXFileReference; fileEncoding = 4; lastKnownFileType = sourcecode.c.h; path = Stage.h; sourceTree = "<group>"; };
		45B66A2B1A2E4E250078C5F5 /* Stage.m */ = {isa = PBXFileReference; fileEncoding = 4; lastKnownFileType = sourcecode.c.objc; path = Stage.m; sourceTree = "<group>"; };
		45B66A2F1A2E4E380078C5F5 /* PlayerControl.h */ = {isa = PBXFileReference; fileEncoding = 4; lastKnownFileType = sourcecode.c.h; path = PlayerControl.h; sourceTree = "<group>"; };
		45B66A301A2E4E380078C5F5 /* PlayerControl.m */ = {isa = PBXFileReference; fileEncoding = 4; lastKnownFileType = sourcecode.c.objc; path = PlayerControl.m; sourceTree = "<group>"; };
		45B66A331A2E4E3F0078C5F5 /* Bullet.h */ = {isa = PBXFileReference; fileEncoding = 4; lastKnownFileType = sourcecode.c.h; path = Bullet.h; sourceTree = "<group>"; };
		45B66A341A2E4E3F0078C5F5 /* Bullet.m */ = {isa = PBXFileReference; fileEncoding = 4; lastKnownFileType = sourcecode.c.objc; path = Bullet.m; sourceTree = "<group>"; };
		45B66A351A2E4E3F0078C5F5 /* MeleeWeapon.h */ = {isa = PBXFileReference; fileEncoding = 4; lastKnownFileType = sourcecode.c.h; path = MeleeWeapon.h; sourceTree = "<group>"; };
		45B66A361A2E4E3F0078C5F5 /* MeleeWeapon.m */ = {isa = PBXFileReference; fileEncoding = 4; lastKnownFileType = sourcecode.c.objc; path = MeleeWeapon.m; sourceTree = "<group>"; };
		45B66A371A2E4E3F0078C5F5 /* RangeWeapon.h */ = {isa = PBXFileReference; fileEncoding = 4; lastKnownFileType = sourcecode.c.h; path = RangeWeapon.h; sourceTree = "<group>"; };
		45B66A381A2E4E3F0078C5F5 /* RangeWeapon.m */ = {isa = PBXFileReference; fileEncoding = 4; lastKnownFileType = sourcecode.c.objc; path = RangeWeapon.m; sourceTree = "<group>"; };
		45B66A391A2E4E3F0078C5F5 /* Weapon.h */ = {isa = PBXFileReference; fileEncoding = 4; lastKnownFileType = sourcecode.c.h; path = Weapon.h; sourceTree = "<group>"; };
		45B66A3A1A2E4E3F0078C5F5 /* Weapon.m */ = {isa = PBXFileReference; fileEncoding = 4; lastKnownFileType = sourcecode.c.objc; path = Weapon.m; sourceTree = "<group>"; };
		45B66A3B1A2E4E3F0078C5F5 /* WeaponUnit.h */ = {isa = PBXFileReference; fileEncoding = 4; lastKnownFileType = sourcecode.c.h; path = WeaponUnit.h; sourceTree = "<group>"; };
		45B66A3C1A2E4E3F0078C5F5 /* WeaponUnit.m */ = {isa = PBXFileReference; fileEncoding = 4; lastKnownFileType = sourcecode.c.objc; path = WeaponUnit.m; sourceTree = "<group>"; };
		45B66A431A2E4E440078C5F5 /* DeathLine.h */ = {isa = PBXFileReference; fileEncoding = 4; lastKnownFileType = sourcecode.c.h; path = DeathLine.h; sourceTree = "<group>"; };
		45B66A441A2E4E440078C5F5 /* DeathLine.m */ = {isa = PBXFileReference; fileEncoding = 4; lastKnownFileType = sourcecode.c.objc; path = DeathLine.m; sourceTree = "<group>"; };
		45B66A451A2E4E440078C5F5 /* DynamicPlatform.h */ = {isa = PBXFileReference; fileEncoding = 4; lastKnownFileType = sourcecode.c.h; path = DynamicPlatform.h; sourceTree = "<group>"; };
		45B66A461A2E4E440078C5F5 /* DynamicPlatform.m */ = {isa = PBXFileReference; fileEncoding = 4; lastKnownFileType = sourcecode.c.objc; path = DynamicPlatform.m; sourceTree = "<group>"; };
		45B66A471A2E4E440078C5F5 /* GroundLine.h */ = {isa = PBXFileReference; fileEncoding = 4; lastKnownFileType = sourcecode.c.h; path = GroundLine.h; sourceTree = "<group>"; };
		45B66A481A2E4E440078C5F5 /* GroundLine.m */ = {isa = PBXFileReference; fileEncoding = 4; lastKnownFileType = sourcecode.c.objc; path = GroundLine.m; sourceTree = "<group>"; };
		45B66A491A2E4E440078C5F5 /* Platform.h */ = {isa = PBXFileReference; fileEncoding = 4; lastKnownFileType = sourcecode.c.h; path = Platform.h; sourceTree = "<group>"; };
		45B66A4A1A2E4E440078C5F5 /* Platform.m */ = {isa = PBXFileReference; fileEncoding = 4; lastKnownFileType = sourcecode.c.objc; path = Platform.m; sourceTree = "<group>"; };
		45B66A4B1A2E4E440078C5F5 /* PlatformFactory.h */ = {isa = PBXFileReference; fileEncoding = 4; lastKnownFileType = sourcecode.c.h; path = PlatformFactory.h; sourceTree = "<group>"; };
		45B66A4C1A2E4E440078C5F5 /* PlatformFactory.m */ = {isa = PBXFileReference; fileEncoding = 4; lastKnownFileType = sourcecode.c.objc; path = PlatformFactory.m; sourceTree = "<group>"; };
		45B66A541A2E4F000078C5F5 /* Dude.atlas */ = {isa = PBXFileReference; lastKnownFileType = folder.skatlas; path = Dude.atlas; sourceTree = "<group>"; };
		45B66A551A2E4F000078C5F5 /* GrandmaBeginWalk.atlas */ = {isa = PBXFileReference; lastKnownFileType = folder.skatlas; path = GrandmaBeginWalk.atlas; sourceTree = "<group>"; };
		45B66A561A2E4F000078C5F5 /* GrandmaWalk.atlas */ = {isa = PBXFileReference; lastKnownFileType = folder.skatlas; path = GrandmaWalk.atlas; sourceTree = "<group>"; };
		45B66A571A2E4F000078C5F5 /* WorkerBeginWalk.atlas */ = {isa = PBXFileReference; lastKnownFileType = folder.skatlas; path = WorkerBeginWalk.atlas; sourceTree = "<group>"; };
		45B66A581A2E4F000078C5F5 /* WorkerHandsUP.atlas */ = {isa = PBXFileReference; lastKnownFileType = folder.skatlas; path = WorkerHandsUP.atlas; sourceTree = "<group>"; };
		45B66A591A2E4F000078C5F5 /* WorkerWalk.atlas */ = {isa = PBXFileReference; lastKnownFileType = folder.skatlas; path = WorkerWalk.atlas; sourceTree = "<group>"; };
		45B66A5B1A2E4F000078C5F5 /* CyanBackground.png */ = {isa = PBXFileReference; lastKnownFileType = image.png; path = CyanBackground.png; sourceTree = "<group>"; };
		45B66A5C1A2E4F000078C5F5 /* DesertBackground.png */ = {isa = PBXFileReference; lastKnownFileType = image.png; path = DesertBackground.png; sourceTree = "<group>"; };
		45B66A5E1A2E4F000078C5F5 /* PauseScreen.png */ = {isa = PBXFileReference; lastKnownFileType = image.png; path = PauseScreen.png; sourceTree = "<group>"; };
		45B66A5F1A2E4F000078C5F5 /* StartScreen.png */ = {isa = PBXFileReference; lastKnownFileType = image.png; path = StartScreen.png; sourceTree = "<group>"; };
		45B66A601A2E4F000078C5F5 /* WelcomeScreen.png */ = {isa = PBXFileReference; lastKnownFileType = image.png; path = WelcomeScreen.png; sourceTree = "<group>"; };
		45B66A621A2E4F000078C5F5 /* BoyCharacter.png */ = {isa = PBXFileReference; lastKnownFileType = image.png; path = BoyCharacter.png; sourceTree = "<group>"; };
		45B66A631A2E4F000078C5F5 /* Bullet.png */ = {isa = PBXFileReference; lastKnownFileType = image.png; path = Bullet.png; sourceTree = "<group>"; };
		45B66A641A2E4F000078C5F5 /* Cat.png */ = {isa = PBXFileReference; lastKnownFileType = image.png; path = Cat.png; sourceTree = "<group>"; };
		45B66A651A2E4F000078C5F5 /* Dude.png */ = {isa = PBXFileReference; lastKnownFileType = image.png; path = Dude.png; sourceTree = "<group>"; };
		45B66A661A2E4F000078C5F5 /* FatZombie.png */ = {isa = PBXFileReference; lastKnownFileType = image.png; path = FatZombie.png; sourceTree = "<group>"; };
		45B66A671A2E4F000078C5F5 /* Grandma.png */ = {isa = PBXFileReference; lastKnownFileType = image.png; path = Grandma.png; sourceTree = "<group>"; };
		45B66A681A2E4F000078C5F5 /* GreenPlayer.png */ = {isa = PBXFileReference; lastKnownFileType = image.png; path = GreenPlayer.png; sourceTree = "<group>"; };
		45B66A691A2E4F000078C5F5 /* Ground.png */ = {isa = PBXFileReference; lastKnownFileType = image.png; path = Ground.png; sourceTree = "<group>"; };
		45B66A6A1A2E4F000078C5F5 /* HealthBar.png */ = {isa = PBXFileReference; lastKnownFileType = image.png; path = HealthBar.png; sourceTree = "<group>"; };
		45B66A6B1A2E4F000078C5F5 /* SkinnyZombie.png */ = {isa = PBXFileReference; lastKnownFileType = image.png; path = SkinnyZombie.png; sourceTree = "<group>"; };
		45B66A6C1A2E4F000078C5F5 /* Worker.png */ = {isa = PBXFileReference; lastKnownFileType = image.png; path = Worker.png; sourceTree = "<group>"; };
/* End PBXFileReference section */

/* Begin PBXFrameworksBuildPhase section */
		3A1C7D511A1919860036F9C7 /* Frameworks */ = {
			isa = PBXFrameworksBuildPhase;
			buildActionMask = 2147483647;
			files = (
			);
			runOnlyForDeploymentPostprocessing = 0;
		};
		3A1C7D691A1919860036F9C7 /* Frameworks */ = {
			isa = PBXFrameworksBuildPhase;
			buildActionMask = 2147483647;
			files = (
			);
			runOnlyForDeploymentPostprocessing = 0;
		};
/* End PBXFrameworksBuildPhase section */

/* Begin PBXGroup section */
		3A1C7D4B1A1919860036F9C7 = {
			isa = PBXGroup;
			children = (
				3A74620D1A28688A00235972 /* Levels */,
				45B66A521A2E4F000078C5F5 /* Images */,
				45B66A271A2E4E250078C5F5 /* Level */,
				45B66A421A2E4E440078C5F5 /* World */,
				45B66A321A2E4E3F0078C5F5 /* Weapon */,
				45B66A2E1A2E4E380078C5F5 /* Player */,
				45B66A141A2E4E150078C5F5 /* Character */,
				3A1C7D561A1919860036F9C7 /* Zend */,
				3A1C7D6F1A1919860036F9C7 /* ZendTests */,
				3A1C7D551A1919860036F9C7 /* Products */,
			);
			sourceTree = "<group>";
		};
		3A1C7D551A1919860036F9C7 /* Products */ = {
			isa = PBXGroup;
			children = (
				3A1C7D541A1919860036F9C7 /* Zend.app */,
				3A1C7D6C1A1919860036F9C7 /* ZendTests.xctest */,
			);
			name = Products;
			sourceTree = "<group>";
		};
		3A1C7D561A1919860036F9C7 /* Zend */ = {
			isa = PBXGroup;
			children = (
				3A91B9771A1FA20000654946 /* Enums.h */,
				3A1C7D591A1919860036F9C7 /* AppDelegate.h */,
				3A1C7D5A1A1919860036F9C7 /* AppDelegate.m */,
				3A1C7D5E1A1919860036F9C7 /* GameScene.h */,
				3A1C7D5F1A1919860036F9C7 /* GameScene.m */,
				3A1C7D611A1919860036F9C7 /* GameScene.sks */,
				3A1C7D631A1919860036F9C7 /* Images.xcassets */,
				3A1C7D651A1919860036F9C7 /* MainMenu.xib */,
				3A1C7D571A1919860036F9C7 /* Supporting Files */,
			);
			path = Zend;
			sourceTree = "<group>";
		};
		3A1C7D571A1919860036F9C7 /* Supporting Files */ = {
			isa = PBXGroup;
			children = (
				3A1C7D581A1919860036F9C7 /* Info.plist */,
				3A1C7D5C1A1919860036F9C7 /* main.m */,
			);
			name = "Supporting Files";
			sourceTree = "<group>";
		};
		3A1C7D6F1A1919860036F9C7 /* ZendTests */ = {
			isa = PBXGroup;
			children = (
				3A1C7D721A1919860036F9C7 /* ZendTests.m */,
				3A1C7D701A1919860036F9C7 /* Supporting Files */,
			);
			path = ZendTests;
			sourceTree = "<group>";
		};
		3A1C7D701A1919860036F9C7 /* Supporting Files */ = {
			isa = PBXGroup;
			children = (
				3A1C7D711A1919860036F9C7 /* Info.plist */,
			);
			name = "Supporting Files";
			sourceTree = "<group>";
		};
		45B66A141A2E4E150078C5F5 /* Character */ = {
			isa = PBXGroup;
			children = (
				45B66A151A2E4E150078C5F5 /* Character.h */,
				45B66A161A2E4E150078C5F5 /* Character.m */,
				45B66A171A2E4E150078C5F5 /* CharacterFactory.h */,
				45B66A181A2E4E150078C5F5 /* CharacterFactory.m */,
				45B66A191A2E4E150078C5F5 /* FatZombie.h */,
				45B66A1A1A2E4E150078C5F5 /* FatZombie.m */,
				45B66A1B1A2E4E150078C5F5 /* Human.h */,
				45B66A1C1A2E4E150078C5F5 /* Human.m */,
				45B66A1D1A2E4E150078C5F5 /* SkinnyZombie.h */,
				45B66A1E1A2E4E150078C5F5 /* SkinnyZombie.m */,
				45B66A1F1A2E4E150078C5F5 /* Zombie.h */,
				45B66A201A2E4E150078C5F5 /* Zombie.m */,
			);
			name = Character;
			path = Zend/Character;
			sourceTree = "<group>";
		};
		45B66A271A2E4E250078C5F5 /* Level */ = {
			isa = PBXGroup;
			children = (
				45B66A281A2E4E250078C5F5 /* Level.h */,
				45B66A291A2E4E250078C5F5 /* Level.m */,
				45B66A2A1A2E4E250078C5F5 /* Stage.h */,
				45B66A2B1A2E4E250078C5F5 /* Stage.m */,
			);
			name = Level;
			path = Zend/Level;
			sourceTree = "<group>";
		};
		45B66A2E1A2E4E380078C5F5 /* Player */ = {
			isa = PBXGroup;
			children = (
				45B66A2F1A2E4E380078C5F5 /* PlayerControl.h */,
				45B66A301A2E4E380078C5F5 /* PlayerControl.m */,
			);
			name = Player;
			path = Zend/Player;
			sourceTree = "<group>";
		};
		45B66A321A2E4E3F0078C5F5 /* Weapon */ = {
			isa = PBXGroup;
			children = (
				45B66A331A2E4E3F0078C5F5 /* Bullet.h */,
				45B66A341A2E4E3F0078C5F5 /* Bullet.m */,
				45B66A351A2E4E3F0078C5F5 /* MeleeWeapon.h */,
				45B66A361A2E4E3F0078C5F5 /* MeleeWeapon.m */,
				45B66A371A2E4E3F0078C5F5 /* RangeWeapon.h */,
				45B66A381A2E4E3F0078C5F5 /* RangeWeapon.m */,
				45B66A391A2E4E3F0078C5F5 /* Weapon.h */,
				45B66A3A1A2E4E3F0078C5F5 /* Weapon.m */,
				45B66A3B1A2E4E3F0078C5F5 /* WeaponUnit.h */,
				45B66A3C1A2E4E3F0078C5F5 /* WeaponUnit.m */,
			);
			name = Weapon;
			path = Zend/Weapon;
			sourceTree = "<group>";
		};
		45B66A421A2E4E440078C5F5 /* World */ = {
			isa = PBXGroup;
			children = (
				45B66A431A2E4E440078C5F5 /* DeathLine.h */,
				45B66A441A2E4E440078C5F5 /* DeathLine.m */,
				45B66A451A2E4E440078C5F5 /* DynamicPlatform.h */,
				45B66A461A2E4E440078C5F5 /* DynamicPlatform.m */,
				45B66A471A2E4E440078C5F5 /* GroundLine.h */,
				45B66A481A2E4E440078C5F5 /* GroundLine.m */,
				45B66A491A2E4E440078C5F5 /* Platform.h */,
				45B66A4A1A2E4E440078C5F5 /* Platform.m */,
				45B66A4B1A2E4E440078C5F5 /* PlatformFactory.h */,
				45B66A4C1A2E4E440078C5F5 /* PlatformFactory.m */,
			);
			name = World;
			path = Zend/World;
			sourceTree = "<group>";
		};
		45B66A521A2E4F000078C5F5 /* Images */ = {
			isa = PBXGroup;
			children = (
				45B66A531A2E4F000078C5F5 /* Atlases */,
				45B66A5A1A2E4F000078C5F5 /* Backgrounds */,
				45B66A5D1A2E4F000078C5F5 /* Menu */,
				45B66A611A2E4F000078C5F5 /* Textures */,
			);
			name = Images;
			path = Zend/Images;
			sourceTree = "<group>";
		};
		45B66A531A2E4F000078C5F5 /* Atlases */ = {
			isa = PBXGroup;
			children = (
				45B66A541A2E4F000078C5F5 /* Dude.atlas */,
				45B66A551A2E4F000078C5F5 /* GrandmaBeginWalk.atlas */,
				45B66A561A2E4F000078C5F5 /* GrandmaWalk.atlas */,
				45B66A571A2E4F000078C5F5 /* WorkerBeginWalk.atlas */,
				45B66A581A2E4F000078C5F5 /* WorkerHandsUP.atlas */,
				45B66A591A2E4F000078C5F5 /* WorkerWalk.atlas */,
			);
			path = Atlases;
			sourceTree = "<group>";
		};
		45B66A5A1A2E4F000078C5F5 /* Backgrounds */ = {
			isa = PBXGroup;
			children = (
				45B66A5B1A2E4F000078C5F5 /* CyanBackground.png */,
				45B66A5C1A2E4F000078C5F5 /* DesertBackground.png */,
			);
			path = Backgrounds;
			sourceTree = "<group>";
		};
		45B66A5D1A2E4F000078C5F5 /* Menu */ = {
			isa = PBXGroup;
			children = (
				45B66A5E1A2E4F000078C5F5 /* PauseScreen.png */,
				45B66A5F1A2E4F000078C5F5 /* StartScreen.png */,
				45B66A601A2E4F000078C5F5 /* WelcomeScreen.png */,
			);
			path = Menu;
			sourceTree = "<group>";
		};
		45B66A611A2E4F000078C5F5 /* Textures */ = {
			isa = PBXGroup;
			children = (
				45B66A621A2E4F000078C5F5 /* BoyCharacter.png */,
				45B66A631A2E4F000078C5F5 /* Bullet.png */,
				45B66A641A2E4F000078C5F5 /* Cat.png */,
				45B66A651A2E4F000078C5F5 /* Dude.png */,
				45B66A661A2E4F000078C5F5 /* FatZombie.png */,
				45B66A671A2E4F000078C5F5 /* Grandma.png */,
				45B66A681A2E4F000078C5F5 /* GreenPlayer.png */,
				45B66A691A2E4F000078C5F5 /* Ground.png */,
				45B66A6A1A2E4F000078C5F5 /* HealthBar.png */,
				45B66A6B1A2E4F000078C5F5 /* SkinnyZombie.png */,
				45B66A6C1A2E4F000078C5F5 /* Worker.png */,
			);
			path = Textures;
			sourceTree = "<group>";
		};
/* End PBXGroup section */

/* Begin PBXNativeTarget section */
		3A1C7D531A1919860036F9C7 /* Zend */ = {
			isa = PBXNativeTarget;
			buildConfigurationList = 3A1C7D761A1919860036F9C7 /* Build configuration list for PBXNativeTarget "Zend" */;
			buildPhases = (
				3A1C7D501A1919860036F9C7 /* Sources */,
				3A1C7D511A1919860036F9C7 /* Frameworks */,
				3A1C7D521A1919860036F9C7 /* Resources */,
			);
			buildRules = (
			);
			dependencies = (
			);
			name = Zend;
			productName = Zend;
			productReference = 3A1C7D541A1919860036F9C7 /* Zend.app */;
			productType = "com.apple.product-type.application";
		};
		3A1C7D6B1A1919860036F9C7 /* ZendTests */ = {
			isa = PBXNativeTarget;
			buildConfigurationList = 3A1C7D791A1919860036F9C7 /* Build configuration list for PBXNativeTarget "ZendTests" */;
			buildPhases = (
				3A1C7D681A1919860036F9C7 /* Sources */,
				3A1C7D691A1919860036F9C7 /* Frameworks */,
				3A1C7D6A1A1919860036F9C7 /* Resources */,
			);
			buildRules = (
			);
			dependencies = (
				3A1C7D6E1A1919860036F9C7 /* PBXTargetDependency */,
			);
			name = ZendTests;
			productName = ZendTests;
			productReference = 3A1C7D6C1A1919860036F9C7 /* ZendTests.xctest */;
			productType = "com.apple.product-type.bundle.unit-test";
		};
/* End PBXNativeTarget section */

/* Begin PBXProject section */
		3A1C7D4C1A1919860036F9C7 /* Project object */ = {
			isa = PBXProject;
			attributes = {
				LastUpgradeCheck = 0610;
				ORGANIZATIONNAME = HardCode;
				TargetAttributes = {
					3A1C7D531A1919860036F9C7 = {
						CreatedOnToolsVersion = 6.1;
					};
					3A1C7D6B1A1919860036F9C7 = {
						CreatedOnToolsVersion = 6.1;
						TestTargetID = 3A1C7D531A1919860036F9C7;
					};
				};
			};
			buildConfigurationList = 3A1C7D4F1A1919860036F9C7 /* Build configuration list for PBXProject "Zend" */;
			compatibilityVersion = "Xcode 3.2";
			developmentRegion = English;
			hasScannedForEncodings = 0;
			knownRegions = (
				en,
				Base,
			);
			mainGroup = 3A1C7D4B1A1919860036F9C7;
			productRefGroup = 3A1C7D551A1919860036F9C7 /* Products */;
			projectDirPath = "";
			projectRoot = "";
			targets = (
				3A1C7D531A1919860036F9C7 /* Zend */,
				3A1C7D6B1A1919860036F9C7 /* ZendTests */,
			);
		};
/* End PBXProject section */

/* Begin PBXResourcesBuildPhase section */
		3A1C7D521A1919860036F9C7 /* Resources */ = {
			isa = PBXResourcesBuildPhase;
			buildActionMask = 2147483647;
			files = (
				45B66A751A2E4F000078C5F5 /* PauseScreen.png in Resources */,
				45B66A6D1A2E4F000078C5F5 /* Dude.atlas in Resources */,
				3A1C7D621A1919860036F9C7 /* GameScene.sks in Resources */,
				45B66A791A2E4F000078C5F5 /* Bullet.png in Resources */,
				45B66A7E1A2E4F000078C5F5 /* GreenPlayer.png in Resources */,
				45B66A741A2E4F000078C5F5 /* DesertBackground.png in Resources */,
				45B66A771A2E4F000078C5F5 /* WelcomeScreen.png in Resources */,
				45B66A821A2E4F000078C5F5 /* Worker.png in Resources */,
				45B66A731A2E4F000078C5F5 /* CyanBackground.png in Resources */,
				45B66A721A2E4F000078C5F5 /* WorkerWalk.atlas in Resources */,
				3A1C7D641A1919860036F9C7 /* Images.xcassets in Resources */,
				45B66A7D1A2E4F000078C5F5 /* Grandma.png in Resources */,
				45B66A6E1A2E4F000078C5F5 /* GrandmaBeginWalk.atlas in Resources */,
				45B66A7B1A2E4F000078C5F5 /* Dude.png in Resources */,
				45B66A811A2E4F000078C5F5 /* SkinnyZombie.png in Resources */,
				45B66A761A2E4F000078C5F5 /* StartScreen.png in Resources */,
				45B66A7F1A2E4F000078C5F5 /* Ground.png in Resources */,
				45B66A781A2E4F000078C5F5 /* BoyCharacter.png in Resources */,
				45B66A7C1A2E4F000078C5F5 /* FatZombie.png in Resources */,
				45B66A7A1A2E4F000078C5F5 /* Cat.png in Resources */,
				3A1C7D671A1919860036F9C7 /* MainMenu.xib in Resources */,
				45B66A801A2E4F000078C5F5 /* HealthBar.png in Resources */,
				3A74620E1A28688A00235972 /* Levels in Resources */,
				45B66A701A2E4F000078C5F5 /* WorkerBeginWalk.atlas in Resources */,
				45B66A6F1A2E4F000078C5F5 /* GrandmaWalk.atlas in Resources */,
				45B66A711A2E4F000078C5F5 /* WorkerHandsUP.atlas in Resources */,
			);
			runOnlyForDeploymentPostprocessing = 0;
		};
		3A1C7D6A1A1919860036F9C7 /* Resources */ = {
			isa = PBXResourcesBuildPhase;
			buildActionMask = 2147483647;
			files = (
			);
			runOnlyForDeploymentPostprocessing = 0;
		};
/* End PBXResourcesBuildPhase section */

/* Begin PBXSourcesBuildPhase section */
		3A1C7D501A1919860036F9C7 /* Sources */ = {
			isa = PBXSourcesBuildPhase;
			buildActionMask = 2147483647;
			files = (
				45B66A4E1A2E4E440078C5F5 /* DynamicPlatform.m in Sources */,
				45B66A311A2E4E380078C5F5 /* PlayerControl.m in Sources */,
				45B66A2C1A2E4E250078C5F5 /* Level.m in Sources */,
				45B66A3E1A2E4E3F0078C5F5 /* MeleeWeapon.m in Sources */,
				45B66A261A2E4E150078C5F5 /* Zombie.m in Sources */,
				45B66A2D1A2E4E250078C5F5 /* Stage.m in Sources */,
				45B66A241A2E4E150078C5F5 /* Human.m in Sources */,
				45B66A3F1A2E4E3F0078C5F5 /* RangeWeapon.m in Sources */,
				3A1C7D5D1A1919860036F9C7 /* main.m in Sources */,
				45B66A511A2E4E440078C5F5 /* PlatformFactory.m in Sources */,
				45B66A221A2E4E150078C5F5 /* CharacterFactory.m in Sources */,
				45B66A4F1A2E4E440078C5F5 /* GroundLine.m in Sources */,
				45B66A251A2E4E150078C5F5 /* SkinnyZombie.m in Sources */,
				45B66A4D1A2E4E440078C5F5 /* DeathLine.m in Sources */,
				3A1C7D601A1919860036F9C7 /* GameScene.m in Sources */,
				45B66A231A2E4E150078C5F5 /* FatZombie.m in Sources */,
				3A1C7D5B1A1919860036F9C7 /* AppDelegate.m in Sources */,
				45B66A501A2E4E440078C5F5 /* Platform.m in Sources */,
				45B66A401A2E4E3F0078C5F5 /* Weapon.m in Sources */,
				45B66A211A2E4E150078C5F5 /* Character.m in Sources */,
				45B66A411A2E4E3F0078C5F5 /* WeaponUnit.m in Sources */,
				45B66A3D1A2E4E3F0078C5F5 /* Bullet.m in Sources */,
			);
			runOnlyForDeploymentPostprocessing = 0;
		};
		3A1C7D681A1919860036F9C7 /* Sources */ = {
			isa = PBXSourcesBuildPhase;
			buildActionMask = 2147483647;
			files = (
				3A1C7D731A1919860036F9C7 /* ZendTests.m in Sources */,
			);
			runOnlyForDeploymentPostprocessing = 0;
		};
/* End PBXSourcesBuildPhase section */

/* Begin PBXTargetDependency section */
		3A1C7D6E1A1919860036F9C7 /* PBXTargetDependency */ = {
			isa = PBXTargetDependency;
			target = 3A1C7D531A1919860036F9C7 /* Zend */;
			targetProxy = 3A1C7D6D1A1919860036F9C7 /* PBXContainerItemProxy */;
		};
/* End PBXTargetDependency section */

/* Begin PBXVariantGroup section */
		3A1C7D651A1919860036F9C7 /* MainMenu.xib */ = {
			isa = PBXVariantGroup;
			children = (
				3A1C7D661A1919860036F9C7 /* Base */,
			);
			name = MainMenu.xib;
			sourceTree = "<group>";
		};
/* End PBXVariantGroup section */

/* Begin XCBuildConfiguration section */
		3A1C7D741A1919860036F9C7 /* Debug */ = {
			isa = XCBuildConfiguration;
			buildSettings = {
				ALWAYS_SEARCH_USER_PATHS = NO;
				CLANG_CXX_LANGUAGE_STANDARD = "gnu++0x";
				CLANG_CXX_LIBRARY = "libc++";
				CLANG_ENABLE_MODULES = YES;
				CLANG_ENABLE_OBJC_ARC = YES;
				CLANG_WARN_BOOL_CONVERSION = YES;
				CLANG_WARN_CONSTANT_CONVERSION = YES;
				CLANG_WARN_DIRECT_OBJC_ISA_USAGE = YES_ERROR;
				CLANG_WARN_EMPTY_BODY = YES;
				CLANG_WARN_ENUM_CONVERSION = YES;
				CLANG_WARN_INT_CONVERSION = YES;
				CLANG_WARN_OBJC_ROOT_CLASS = YES_ERROR;
				CLANG_WARN_UNREACHABLE_CODE = YES;
				CLANG_WARN__DUPLICATE_METHOD_MATCH = YES;
				CODE_SIGN_IDENTITY = "-";
				COPY_PHASE_STRIP = NO;
				ENABLE_STRICT_OBJC_MSGSEND = YES;
				GCC_C_LANGUAGE_STANDARD = gnu99;
				GCC_DYNAMIC_NO_PIC = NO;
				GCC_OPTIMIZATION_LEVEL = 0;
				GCC_PREPROCESSOR_DEFINITIONS = (
					"DEBUG=1",
					"$(inherited)",
				);
				GCC_SYMBOLS_PRIVATE_EXTERN = NO;
				GCC_WARN_64_TO_32_BIT_CONVERSION = YES;
				GCC_WARN_ABOUT_RETURN_TYPE = YES_ERROR;
				GCC_WARN_UNDECLARED_SELECTOR = YES;
				GCC_WARN_UNINITIALIZED_AUTOS = YES_AGGRESSIVE;
				GCC_WARN_UNUSED_FUNCTION = YES;
				GCC_WARN_UNUSED_VARIABLE = YES;
				MACOSX_DEPLOYMENT_TARGET = 10.9;
				MTL_ENABLE_DEBUG_INFO = YES;
				ONLY_ACTIVE_ARCH = YES;
				SDKROOT = macosx;
			};
			name = Debug;
		};
		3A1C7D751A1919860036F9C7 /* Release */ = {
			isa = XCBuildConfiguration;
			buildSettings = {
				ALWAYS_SEARCH_USER_PATHS = NO;
				CLANG_CXX_LANGUAGE_STANDARD = "gnu++0x";
				CLANG_CXX_LIBRARY = "libc++";
				CLANG_ENABLE_MODULES = YES;
				CLANG_ENABLE_OBJC_ARC = YES;
				CLANG_WARN_BOOL_CONVERSION = YES;
				CLANG_WARN_CONSTANT_CONVERSION = YES;
				CLANG_WARN_DIRECT_OBJC_ISA_USAGE = YES_ERROR;
				CLANG_WARN_EMPTY_BODY = YES;
				CLANG_WARN_ENUM_CONVERSION = YES;
				CLANG_WARN_INT_CONVERSION = YES;
				CLANG_WARN_OBJC_ROOT_CLASS = YES_ERROR;
				CLANG_WARN_UNREACHABLE_CODE = YES;
				CLANG_WARN__DUPLICATE_METHOD_MATCH = YES;
				CODE_SIGN_IDENTITY = "-";
				COPY_PHASE_STRIP = YES;
				DEBUG_INFORMATION_FORMAT = "dwarf-with-dsym";
				ENABLE_NS_ASSERTIONS = NO;
				ENABLE_STRICT_OBJC_MSGSEND = YES;
				GCC_C_LANGUAGE_STANDARD = gnu99;
				GCC_WARN_64_TO_32_BIT_CONVERSION = YES;
				GCC_WARN_ABOUT_RETURN_TYPE = YES_ERROR;
				GCC_WARN_UNDECLARED_SELECTOR = YES;
				GCC_WARN_UNINITIALIZED_AUTOS = YES_AGGRESSIVE;
				GCC_WARN_UNUSED_FUNCTION = YES;
				GCC_WARN_UNUSED_VARIABLE = YES;
				MACOSX_DEPLOYMENT_TARGET = 10.9;
				MTL_ENABLE_DEBUG_INFO = NO;
				SDKROOT = macosx;
			};
			name = Release;
		};
		3A1C7D771A1919860036F9C7 /* Debug */ = {
			isa = XCBuildConfiguration;
			buildSettings = {
				ASSETCATALOG_COMPILER_APPICON_NAME = AppIcon;
				COMBINE_HIDPI_IMAGES = YES;
				INFOPLIST_FILE = Zend/Info.plist;
				LD_RUNPATH_SEARCH_PATHS = "$(inherited) @executable_path/../Frameworks";
				PRODUCT_NAME = "$(TARGET_NAME)";
			};
			name = Debug;
		};
		3A1C7D781A1919860036F9C7 /* Release */ = {
			isa = XCBuildConfiguration;
			buildSettings = {
				ASSETCATALOG_COMPILER_APPICON_NAME = AppIcon;
				COMBINE_HIDPI_IMAGES = YES;
				INFOPLIST_FILE = Zend/Info.plist;
				LD_RUNPATH_SEARCH_PATHS = "$(inherited) @executable_path/../Frameworks";
				PRODUCT_NAME = "$(TARGET_NAME)";
			};
			name = Release;
		};
		3A1C7D7A1A1919860036F9C7 /* Debug */ = {
			isa = XCBuildConfiguration;
			buildSettings = {
				BUNDLE_LOADER = "$(TEST_HOST)";
				COMBINE_HIDPI_IMAGES = YES;
				FRAMEWORK_SEARCH_PATHS = (
					"$(DEVELOPER_FRAMEWORKS_DIR)",
					"$(inherited)",
				);
				GCC_PREPROCESSOR_DEFINITIONS = (
					"DEBUG=1",
					"$(inherited)",
				);
				INFOPLIST_FILE = ZendTests/Info.plist;
				LD_RUNPATH_SEARCH_PATHS = "$(inherited) @executable_path/../Frameworks @loader_path/../Frameworks";
				PRODUCT_NAME = "$(TARGET_NAME)";
				TEST_HOST = "$(BUILT_PRODUCTS_DIR)/Zend.app/Contents/MacOS/Zend";
			};
			name = Debug;
		};
		3A1C7D7B1A1919860036F9C7 /* Release */ = {
			isa = XCBuildConfiguration;
			buildSettings = {
				BUNDLE_LOADER = "$(TEST_HOST)";
				COMBINE_HIDPI_IMAGES = YES;
				FRAMEWORK_SEARCH_PATHS = (
					"$(DEVELOPER_FRAMEWORKS_DIR)",
					"$(inherited)",
				);
				INFOPLIST_FILE = ZendTests/Info.plist;
				LD_RUNPATH_SEARCH_PATHS = "$(inherited) @executable_path/../Frameworks @loader_path/../Frameworks";
				PRODUCT_NAME = "$(TARGET_NAME)";
				TEST_HOST = "$(BUILT_PRODUCTS_DIR)/Zend.app/Contents/MacOS/Zend";
			};
			name = Release;
		};
/* End XCBuildConfiguration section */

/* Begin XCConfigurationList section */
		3A1C7D4F1A1919860036F9C7 /* Build configuration list for PBXProject "Zend" */ = {
			isa = XCConfigurationList;
			buildConfigurations = (
				3A1C7D741A1919860036F9C7 /* Debug */,
				3A1C7D751A1919860036F9C7 /* Release */,
			);
			defaultConfigurationIsVisible = 0;
			defaultConfigurationName = Release;
		};
		3A1C7D761A1919860036F9C7 /* Build configuration list for PBXNativeTarget "Zend" */ = {
			isa = XCConfigurationList;
			buildConfigurations = (
				3A1C7D771A1919860036F9C7 /* Debug */,
				3A1C7D781A1919860036F9C7 /* Release */,
			);
			defaultConfigurationIsVisible = 0;
			defaultConfigurationName = Release;
		};
		3A1C7D791A1919860036F9C7 /* Build configuration list for PBXNativeTarget "ZendTests" */ = {
			isa = XCConfigurationList;
			buildConfigurations = (
				3A1C7D7A1A1919860036F9C7 /* Debug */,
				3A1C7D7B1A1919860036F9C7 /* Release */,
			);
			defaultConfigurationIsVisible = 0;
			defaultConfigurationName = Release;
		};
/* End XCConfigurationList section */
	};
	rootObject = 3A1C7D4C1A1919860036F9C7 /* Project object */;
}
